# @generated - this file is auto-generated by `mise lock` https://mise.en.dev/dev-tools/mise-lock.html

[[tools."aqua:npm/cli"]]
version = "12.0.2"
backend = "aqua:npm/cli"

[tools."aqua:npm/cli"."platforms.linux-arm64"]
url = "https://registry.npmjs.org/npm/-/npm-12.0.2.tgz"

[tools."aqua:npm/cli"."platforms.linux-arm64-musl"]
url = "https://registry.npmjs.org/npm/-/npm-12.0.2.tgz"

[tools."aqua:npm/cli"."platforms.linux-x64"]
url = "https://registry.npmjs.org/npm/-/npm-12.0.2.tgz"

[tools."aqua:npm/cli"."platforms.linux-x64-musl"]
url = "https://registry.npmjs.org/npm/-/npm-12.0.2.tgz"

[tools."aqua:npm/cli"."platforms.macos-arm64"]
checksum = "blake3:51efd656e0cba1ef84a25625482fc9c4621ca423f9580565acd200e8f4542416"
url = "https://registry.npmjs.org/npm/-/npm-12.0.2.tgz"

[tools."aqua:npm/cli"."platforms.macos-x64"]
url = "https://registry.npmjs.org/npm/-/npm-12.0.2.tgz"

[[tools."aqua:tak848/ccgate"]]
version = "0.10.0"
backend = "aqua:tak848/ccgate"

[tools."aqua:tak848/ccgate"."platforms.linux-arm64"]
checksum = "sha256:377c9766ab8a0ad472cf1b341e565b09292e394d422d6bb7c4e24d8c68eae585"
url = "https://github.com/tak848/ccgate/releases/download/v0.10.0/ccgate-linux-arm64.tar.gz"

[tools."aqua:tak848/ccgate"."platforms.linux-arm64-musl"]
checksum = "sha256:377c9766ab8a0ad472cf1b341e565b09292e394d422d6bb7c4e24d8c68eae585"
url = "https://github.com/tak848/ccgate/releases/download/v0.10.0/ccgate-linux-arm64.tar.gz"

[tools."aqua:tak848/ccgate"."platforms.linux-x64"]
checksum = "sha256:15f8871f8ec01cdffcf68a0301d9a2f3d733ff86d41a8bdd2038a407776a2081"
url = "https://github.com/tak848/ccgate/releases/download/v0.10.0/ccgate-linux-amd64.tar.gz"

[tools."aqua:tak848/ccgate"."platforms.linux-x64-musl"]
checksum = "sha256:15f8871f8ec01cdffcf68a0301d9a2f3d733ff86d41a8bdd2038a407776a2081"
url = "https://github.com/tak848/ccgate/releases/download/v0.10.0/ccgate-linux-amd64.tar.gz"

[tools."aqua:tak848/ccgate"."platforms.macos-arm64"]
checksum = "sha256:e5d20cd382a1e5318b71e7e49d3d50165b72cf71a5d8b295051addfc39f50601"
url = "https://github.com/tak848/ccgate/releases/download/v0.10.0/ccgate-darwin-arm64.tar.gz"

[tools."aqua:tak848/ccgate"."platforms.macos-x64"]
checksum = "sha256:b6fb854db251829c7346c86b5e0ead29ebd60d8b917653f7971457d26a51262e"
url = "https://github.com/tak848/ccgate/releases/download/v0.10.0/ccgate-darwin-amd64.tar.gz"

[[tools.go]]
version = "1.26.5"
backend = "core:go"

[tools.go."platforms.linux-arm64"]
checksum = "sha256:fe4789e92b1f33358680864bbe8704289e7bb5fc207d80623c308935bd696d49"
url = "https://dl.google.com/go/go1.26.5.linux-arm64.tar.gz"

[tools.go."platforms.linux-arm64-musl"]
checksum = "sha256:fe4789e92b1f33358680864bbe8704289e7bb5fc207d80623c308935bd696d49"
url = "https://dl.google.com/go/go1.26.5.linux-arm64.tar.gz"

[tools.go."platforms.linux-x64"]
checksum = "sha256:5c2c3b16caefa1d968a94c1daca04a7ca301a496d9b086e17ad77bb81393f053"
url = "https://dl.google.com/go/go1.26.5.linux-amd64.tar.gz"

[tools.go."platforms.linux-x64-musl"]
checksum = "sha256:5c2c3b16caefa1d968a94c1daca04a7ca301a496d9b086e17ad77bb81393f053"
url = "https://dl.google.com/go/go1.26.5.linux-amd64.tar.gz"

[tools.go."platforms.macos-arm64"]
checksum = "sha256:efb87ff28af9a188d0536ef5d42e63dd52ba8263cd7344a993cc48dd11dedb6a"
url = "https://dl.google.com/go/go1.26.5.darwin-arm64.tar.gz"

[tools.go."platforms.macos-x64"]
checksum = "sha256:6231d8d3b8f5552ec6cbf6d685bdd5482e1e703214b120e89b3bf0d7bf1ef725"
url = "https://dl.google.com/go/go1.26.5.darwin-amd64.tar.gz"

[tools.go."platforms.windows-x64"]
checksum = "sha256:97e6b2a833b6d89f9ff17d25419ac0a7e3b482a044e9ab18cdef834bd834fd38"
url = "https://dl.google.com/go/go1.26.5.windows-amd64.zip"

[[tools.just]]
version = "1.58.0"
backend = "aqua:casey/just"

[tools.just."platforms.linux-arm64"]
checksum = "sha256:748237128c4c40cbdabc65e841d05ceba13cc23a91eaba395495894c1d9764df"
url = "https://github.com/casey/just/releases/download/1.58.0/just-1.58.0-aarch64-unknown-linux-musl.tar.gz"

[tools.just."platforms.linux-arm64-musl"]
checksum = "sha256:748237128c4c40cbdabc65e841d05ceba13cc23a91eaba395495894c1d9764df"
url = "https://github.com/casey/just/releases/download/1.58.0/just-1.58.0-aarch64-unknown-linux-musl.tar.gz"

[tools.just."platforms.linux-x64"]
checksum = "sha256:4a5cc2f53e6f0f8c59092a6cc38291eb729d46a7dd95d3ae582008881b84931d"
url = "https://github.com/casey/just/releases/download/1.58.0/just-1.58.0-x86_64-unknown-linux-musl.tar.gz"

[tools.just."platforms.linux-x64-musl"]
checksum = "sha256:4a5cc2f53e6f0f8c59092a6cc38291eb729d46a7dd95d3ae582008881b84931d"
url = "https://github.com/casey/just/releases/download/1.58.0/just-1.58.0-x86_64-unknown-linux-musl.tar.gz"

[tools.just."platforms.macos-arm64"]
checksum = "sha256:50ae3e996c974a0bf32ea7d10f495070df33f1b43e0616b2769e3d4821ed8f48"
url = "https://github.com/casey/just/releases/download/1.58.0/just-1.58.0-aarch64-apple-darwin.tar.gz"

[tools.just."platforms.macos-x64"]
checksum = "sha256:9a09cfef66aaa79da58203970103a0684307716caaabd3e9844cacc4dc0f4023"
url = "https://github.com/casey/just/releases/download/1.58.0/just-1.58.0-x86_64-apple-darwin.tar.gz"

[tools.just."platforms.windows-x64"]
checksum = "sha256:759f16fb7aa17c5c8b9594b6d4a8c1a6630dfd042cf2b3ff84841454d3d188dc"
url = "https://github.com/casey/just/releases/download/1.58.0/just-1.58.0-x86_64-pc-windows-msvc.zip"

[[tools.node]]
version = "26.7.0"
backend = "core:node"

[tools.node."platforms.linux-arm64"]
checksum = "sha256:925aa6157dd37542d0d7f2e28b7bf61e7b39284411210b0498bc3788db4aef68"
url = "https://nodejs.org/dist/v26.7.0/node-v26.7.0-linux-arm64.tar.gz"

[tools.node."platforms.linux-arm64-musl"]
checksum = "sha256:1f16cc0f6febcb1bed1d4550306806dbcfbaf5c1bc2f44f3c5c8b5d22a4cc27a"
url = "https://unofficial-builds.nodejs.org/download/release/v26.7.0/node-v26.7.0-linux-arm64-musl.tar.gz"

[tools.node."platforms.linux-x64"]
checksum = "sha256:bd6b6c31e377bad9ad579bed72e5bc11f4c879ac9452ad51d30e646ea3d828df"
url = "https://nodejs.org/dist/v26.7.0/node-v26.7.0-linux-x64.tar.gz"

[tools.node."platforms.linux-x64-musl"]
checksum = "sha256:5dc0180e7684ede6fc9d9e6333da45686f4b5a7820729d33c68335b283337295"
url = "https://unofficial-builds.nodejs.org/download/release/v26.7.0/node-v26.7.0-linux-x64-musl.tar.gz"

[tools.node."platforms.macos-arm64"]
checksum = "sha256:7ee659a7768e641bbfd5360940660b8e8fd0052f77488f365562bac522fc15d4"
url = "https://nodejs.org/dist/v26.7.0/node-v26.7.0-darwin-arm64.tar.gz"

[tools.node."platforms.macos-x64"]
checksum = "sha256:f279d1ed28ce57f7788bf23435d2ad7fdd7438904ad5c4d8a1081a7cde3d4b96"
url = "https://nodejs.org/dist/v26.7.0/node-v26.7.0-darwin-x64.tar.gz"

[tools.node."platforms.windows-x64"]
checksum = "sha256:d3bd72755141ed32bbcd841228ee81897c8a98d50dfa7dae2179399a0a7c90f8"
url = "https://nodejs.org/dist/v26.7.0/node-v26.7.0-win-x64.zip"

[[tools.npm]]
version = "11.13.0"
backend = "npm:npm"

[[tools.pnpm]]
version = "10.33.2"
backend = "aqua:pnpm/pnpm"

[tools.pnpm."platforms.linux-arm64"]
checksum = "sha256:0828e5ee23be89d22bd53cc36e93c181ce9d5c47d75f9fe9bf4bdc7a65c66322"
url = "https://github.com/pnpm/pnpm/releases/download/v10.33.2/pnpm-linux-arm64"

[tools.pnpm."platforms.linux-arm64-musl"]
checksum = "sha256:0828e5ee23be89d22bd53cc36e93c181ce9d5c47d75f9fe9bf4bdc7a65c66322"
url = "https://github.com/pnpm/pnpm/releases/download/v10.33.2/pnpm-linux-arm64"

[tools.pnpm."platforms.linux-x64"]
checksum = "sha256:39d7b6600239712bc9581ea219b17ffef46ba60998779cb717be2e068be029ef"
url = "https://github.com/pnpm/pnpm/releases/download/v10.33.2/pnpm-linux-x64"

[tools.pnpm."platforms.linux-x64-musl"]
checksum = "sha256:39d7b6600239712bc9581ea219b17ffef46ba60998779cb717be2e068be029ef"
url = "https://github.com/pnpm/pnpm/releases/download/v10.33.2/pnpm-linux-x64"

[tools.pnpm."platforms.macos-arm64"]
checksum = "sha256:a99a4d5d0e6bd3728949c24ff74a2f2f2d07f73bc48fd308e4eea75d8e72acdc"
url = "https://github.com/pnpm/pnpm/releases/download/v10.33.2/pnpm-macos-arm64"

[tools.pnpm."platforms.macos-x64"]
checksum = "sha256:3b66abb865f4e7a82393861f0f3784d67a704a31a4021739874d4b7910793dca"
url = "https://github.com/pnpm/pnpm/releases/download/v10.33.2/pnpm-macos-x64"

[tools.pnpm."platforms.windows-x64"]
checksum = "sha256:3d1af71e9da7081efd58f95942e1f7e2107bf8fcdae03eb2331c0b6cea59510b"
url = "https://github.com/pnpm/pnpm/releases/download/v10.33.2/pnpm-win-x64.exe"

[[tools.python]]
version = "3.14.7"
backend = "core:python"

[tools.python."platforms.linux-arm64"]
checksum = "sha256:4dba8d7e06199f841a9d6b54e4eb58d446a5c20c65085a916190dd0162c6e93b"
url = "https://github.com/astral-sh/python-build-standalone/releases/download/20260807/cpython-3.14.7+20260807-aarch64-unknown-linux-gnu-install_only_stripped.tar.gz"
provenance = "github-attestations"

[tools.python."platforms.linux-arm64-musl"]
checksum = "sha256:10be7fe15ba5d1e5cfee1c2d8a9c720f29621b873e1f147f0b0a07f23de20d1a"
url = "https://github.com/astral-sh/python-build-standalone/releases/download/20260807/cpython-3.14.7+20260807-aarch64-unknown-linux-musl-install_only_stripped.tar.gz"
provenance = "github-attestations"

[tools.python."platforms.linux-x64"]
checksum = "sha256:a2478d654ed51d443bae21ec20ad927f116b4f5aae4094ab74918a6aa38f0575"
url = "https://github.com/astral-sh/python-build-standalone/releases/download/20260807/cpython-3.14.7+20260807-x86_64-unknown-linux-gnu-install_only_stripped.tar.gz"
provenance = "github-attestations"

[tools.python."platforms.linux-x64-musl"]
checksum = "sha256:1fe25b50644b50b3333afa0d4013cc9cbab4dde4284c0154aebef4f53523ed99"
url = "https://github.com/astral-sh/python-build-standalone/releases/download/20260807/cpython-3.14.7+20260807-x86_64-unknown-linux-musl-install_only_stripped.tar.gz"
provenance = "github-attestations"

[tools.python."platforms.macos-arm64"]
checksum = "blake3:0fffab4211fa179caf8acb8324e08af1ba0c13288d5f1677c4f8eb2b40601cc0"
url = "https://github.com/astral-sh/python-build-standalone/releases/download/20260807/cpython-3.14.7+20260807-aarch64-apple-darwin-install_only_stripped.tar.gz"
provenance = "github-attestations"

[tools.python."platforms.macos-x64"]
checksum = "sha256:9964e2d618ebea03be8ea3e65ab0ecc0f2b030ce203345b8f92654641fd4de66"
url = "https://github.com/astral-sh/python-build-standalone/releases/download/20260807/cpython-3.14.7+20260807-x86_64-apple-darwin-install_only_stripped.tar.gz"
provenance = "github-attestations"

[tools.python."platforms.windows-x64"]
checksum = "sha256:840e368318d1630bd8efbd3f7de8fab32cb4bbd735baef733f9034f2676c6a92"
url = "https://github.com/astral-sh/python-build-standalone/releases/download/20260807/cpython-3.14.7+20260807-x86_64-pc-windows-msvc-install_only_stripped.tar.gz"
provenance = "github-attestations"

[[tools.uv]]
version = "0.12.3"
backend = "asdf:uv"
